
Microsoft Visual Studio Solution File, Format Version 12.00
# Visual Studio Version 16
VisualStudioVersion = 16.0.32901.82
MinimumVisualStudioVersion = 10.0.40219.1
Project("{FAE04EC0-301F-11D3-BF4B-00C04F79EFBC}") = "SteamSSFN", "SteamSSFN\SteamSSFN.csproj", "{A6B0098B-6ED6-4A92-ACAE-BD6320B0568F}"
EndProject
Global
	GlobalSection(SolutionConfigurationPlatforms) = preSolution
		Debug|Any CPU = Debug|Any CPU
		Release|Any CPU = Release|Any CPU
	EndGlobalSection
	GlobalSection(ProjectConfigurationPlatforms) = postSolution
		{A6B0098B-6ED6-4A92-ACAE-BD6320B0568F}.Debug|Any CPU.ActiveCfg = Debug|Any CPU
		{A6B0098B-6ED6-4A92-ACAE-BD6320B0568F}.Debug|Any CPU.Build.0 = Debug|Any CPU
		{A6B0098B-6ED6-4A92-ACAE-BD6320B0568F}.Release|Any CPU.ActiveCfg = Release|Any CPU
		{A6B0098B-6ED6-4A92-ACAE-BD6320B0568F}.Release|Any CPU.Build.0 = Release|Any CPU
	EndGlobalSection
	GlobalSection(SolutionProperties) = preSolution
		HideSolutionNode = FALSE
	EndGlobalSection
	GlobalSection(ExtensibilityGlobals) = postSolution
		SolutionGuid = {F9D395A3-2019-4C68-8815-AA60CF8F3CC3}
	EndGlobalSection
EndGlobal
